// !$*UTF8*$!
{
	archiveVersion = 1;
	classes = {
	};
	objectVersion = 56;
	objects = {

/* Begin PBXBuildFile section */
		4E41F6762943477B00AAE191 /* AppDelegate.m in Sources */ = {isa = PBXBuildFile; fileRef = 4E41F6752943477B00AAE191 /* AppDelegate.m */; };
		4E41F6792943477B00AAE191 /* SceneDelegate.m in Sources */ = {isa = PBXBuildFile; fileRef = 4E41F6782943477B00AAE191 /* SceneDelegate.m */; };
		4E41F67C2943477B00AAE191 /* ViewController.m in Sources */ = {isa = PBXBuildFile; fileRef = 4E41F67B2943477B00AAE191 /* ViewController.m */; };
		4E41F67F2943477B00AAE191 /* Main.storyboard in Resources */ = {isa = PBXBuildFile; fileRef = 4E41F67D2943477B00AAE191 /* Main.storyboard */; };
		4E41F6812943477C00AAE191 /* Assets.xcassets in Resources */ = {isa = PBXBuildFile; fileRef = 4E41F6802943477C00AAE191 /* Assets.xcassets */; };
		4E41F6842943477C00AAE191 /* LaunchScreen.storyboard in Resources */ = {isa = PBXBuildFile; fileRef = 4E41F6822943477C00AAE191 /* LaunchScreen.storyboard */; };
		4E41F6872943477C00AAE191 /* main.m in Sources */ = {isa = PBXBuildFile; fileRef = 4E41F6862943477C00AAE191 /* main.m */; };
		4E41F6912943477C00AAE191 /* WKWebViewDemoTests.m in Sources */ = {isa = PBXBuildFile; fileRef = 4E41F6902943477C00AAE191 /* WKWebViewDemoTests.m */; };
		4E41F69B2943477C00AAE191 /* WKWebViewDemoUITests.m in Sources */ = {isa = PBXBuildFile; fileRef = 4E41F69A2943477C00AAE191 /* WKWebViewDemoUITests.m */; };
		4E41F69D2943477C00AAE191 /* WKWebViewDemoUITestsLaunchTests.m in Sources */ = {isa = PBXBuildFile; fileRef = 4E41F69C2943477C00AAE191 /* WKWebViewDemoUITestsLaunchTests.m */; };
/* End PBXBuildFile section */

/* Begin PBXContainerItemProxy section */
		4E41F68D2943477C00AAE191 /* PBXContainerItemProxy */ = {
			isa = PBXContainerItemProxy;
			containerPortal = 4E41F6692943477B00AAE191 /* Project object */;
			proxyType = 1;
			remoteGlobalIDString = 4E41F6702943477B00AAE191;
			remoteInfo = WKWebViewDemo;
		};
		4E41F6972943477C00AAE191 /* PBXContainerItemProxy */ = {
			isa = PBXContainerItemProxy;
			containerPortal = 4E41F6692943477B00AAE191 /* Project object */;
			proxyType = 1;
			remoteGlobalIDString = 4E41F6702943477B00AAE191;
			remoteInfo = WKWebViewDemo;
		};
/* End PBXContainerItemProxy section */

/* Begin PBXFileReference section */
		4E41F6712943477B00AAE191 /* WKWebViewDemo.app */ = {isa = PBXFileReference; explicitFileType = wrapper.application; includeInIndex = 0; path = WKWebViewDemo.app; sourceTree = BUILT_PRODUCTS_DIR; };
		4E41F6742943477B00AAE191 /* AppDelegate.h */ = {isa = PBXFileReference; lastKnownFileType = sourcecode.c.h; path = AppDelegate.h; sourceTree = "<group>"; };
		4E41F6752943477B00AAE191 /* AppDelegate.m */ = {isa = PBXFileReference; lastKnownFileType = sourcecode.c.objc; path = AppDelegate.m; sourceTree = "<group>"; };
		4E41F6772943477B00AAE191 /* SceneDelegate.h */ = {isa = PBXFileReference; lastKnownFileType = sourcecode.c.h; path = SceneDelegate.h; sourceTree = "<group>"; };
		4E41F6782943477B00AAE191 /* SceneDelegate.m */ = {isa = PBXFileReference; lastKnownFileType = sourcecode.c.objc; path = SceneDelegate.m; sourceTree = "<group>"; };
		4E41F67A2943477B00AAE191 /* ViewController.h */ = {isa = PBXFileReference; lastKnownFileType = sourcecode.c.h; path = ViewController.h; sourceTree = "<group>"; };
		4E41F67B2943477B00AAE191 /* ViewController.m */ = {isa = PBXFileReference; lastKnownFileType = sourcecode.c.objc; path = ViewController.m; sourceTree = "<group>"; };
		4E41F67E2943477B00AAE191 /* Base */ = {isa = PBXFileReference; lastKnownFileType = file.storyboard; name = Base; path = Base.lproj/Main.storyboard; sourceTree = "<group>"; };
		4E41F6802943477C00AAE191 /* Assets.xcassets */ = {isa = PBXFileReference; lastKnownFileType = folder.assetcatalog; path = Assets.xcassets; sourceTree = "<group>"; };
		4E41F6832943477C00AAE191 /* Base */ = {isa = PBXFileReference; lastKnownFileType = file.storyboard; name = Base; path = Base.lproj/LaunchScreen.storyboard; sourceTree = "<group>"; };
		4E41F6852943477C00AAE191 /* Info.plist */ = {isa = PBXFileReference; lastKnownFileType = text.plist.xml; path = Info.plist; sourceTree = "<group>"; };
		4E41F6862943477C00AAE191 /* main.m */ = {isa = PBXFileReference; lastKnownFileType = sourcecode.c.objc; path = main.m; sourceTree = "<group>"; };
		4E41F68C2943477C00AAE191 /* WKWebViewDemoTests.xctest */ = {isa = PBXFileReference; explicitFileType = wrapper.cfbundle; includeInIndex = 0; path = WKWebViewDemoTests.xctest; sourceTree = BUILT_PRODUCTS_DIR; };
		4E41F6902943477C00AAE191 /* WKWebViewDemoTests.m */ = {isa = PBXFileReference; lastKnownFileType = sourcecode.c.objc; path = WKWebViewDemoTests.m; sourceTree = "<group>"; };
		4E41F6962943477C00AAE191 /* WKWebViewDemoUITests.xctest */ = {isa = PBXFileReference; explicitFileType = wrapper.cfbundle; includeInIndex = 0; path = WKWebViewDemoUITests.xctest; sourceTree = BUILT_PRODUCTS_DIR; };
		4E41F69A2943477C00AAE191 /* WKWebViewDemoUITests.m */ = {isa = PBXFileReference; lastKnownFileType = sourcecode.c.objc; path = WKWebViewDemoUITests.m; sourceTree = "<group>"; };
		4E41F69C2943477C00AAE191 /* WKWebViewDemoUITestsLaunchTests.m */ = {isa = PBXFileReference; lastKnownFileType = sourcecode.c.objc; path = WKWebViewDemoUITestsLaunchTests.m; sourceTree = "<group>"; };
/* End PBXFileReference section */

/* Begin PBXFrameworksBuildPhase section */
		4E41F66E2943477B00AAE191 /* Frameworks */ = {
			isa = PBXFrameworksBuildPhase;
			buildActionMask = 2147483647;
			files = (
			);
			runOnlyForDeploymentPostprocessing = 0;
		};
		4E41F6892943477C00AAE191 /* Frameworks */ = {
			isa = PBXFrameworksBuildPhase;
			buildActionMask = 2147483647;
			files = (
			);
			runOnlyForDeploymentPostprocessing = 0;
		};
		4E41F6932943477C00AAE191 /* Frameworks */ = {
			isa = PBXFrameworksBuildPhase;
			buildActionMask = 2147483647;
			files = (
			);
			runOnlyForDeploymentPostprocessing = 0;
		};
/* End PBXFrameworksBuildPhase section */

/* Begin PBXGroup section */
		4E41F6682943477B00AAE191 = {
			isa = PBXGroup;
			children = (
				4E41F6732943477B00AAE191 /* WKWebViewDemo */,
				4E41F68F2943477C00AAE191 /* WKWebViewDemoTests */,
				4E41F6992943477C00AAE191 /* WKWebViewDemoUITests */,
				4E41F6722943477B00AAE191 /* Products */,
			);
			sourceTree = "<group>";
		};
		4E41F6722943477B00AAE191 /* Products */ = {
			isa = PBXGroup;
			children = (
				4E41F6712943477B00AAE191 /* WKWebViewDemo.app */,
				4E41F68C2943477C00AAE191 /* WKWebViewDemoTests.xctest */,
				4E41F6962943477C00AAE191 /* WKWebViewDemoUITests.xctest */,
			);
			name = Products;
			sourceTree = "<group>";
		};
		4E41F6732943477B00AAE191 /* WKWebViewDemo */ = {
			isa = PBXGroup;
			children = (
				4E41F6742943477B00AAE191 /* AppDelegate.h */,
				4E41F6752943477B00AAE191 /* AppDelegate.m */,
				4E41F6772943477B00AAE191 /* SceneDelegate.h */,
				4E41F6782943477B00AAE191 /* SceneDelegate.m */,
				4E41F67A2943477B00AAE191 /* ViewController.h */,
				4E41F67B2943477B00AAE191 /* ViewController.m */,
				4E41F67D2943477B00AAE191 /* Main.storyboard */,
				4E41F6802943477C00AAE191 /* Assets.xcassets */,
				4E41F6822943477C00AAE191 /* LaunchScreen.storyboard */,
				4E41F6852943477C00AAE191 /* Info.plist */,
				4E41F6862943477C00AAE191 /* main.m */,
			);
			path = WKWebViewDemo;
			sourceTree = "<group>";
		};
		4E41F68F2943477C00AAE191 /* WKWebViewDemoTests */ = {
			isa = PBXGroup;
			children = (
				4E41F6902943477C00AAE191 /* WKWebViewDemoTests.m */,
			);
			path = WKWebViewDemoTests;
			sourceTree = "<group>";
		};
		4E41F6992943477C00AAE191 /* WKWebViewDemoUITests */ = {
			isa = PBXGroup;
			children = (
				4E41F69A2943477C00AAE191 /* WKWebViewDemoUITests.m */,
				4E41F69C2943477C00AAE191 /* WKWebViewDemoUITestsLaunchTests.m */,
			);
			path = WKWebViewDemoUITests;
			sourceTree = "<group>";
		};
/* End PBXGroup section */

/* Begin PBXNativeTarget section */
		4E41F6702943477B00AAE191 /* WKWebViewDemo */ = {
			isa = PBXNativeTarget;
			buildConfigurationList = 4E41F6A02943477C00AAE191 /* Build configuration list for PBXNativeTarget "WKWebViewDemo" */;
			buildPhases = (
				4E41F66D2943477B00AAE191 /* Sources */,
				4E41F66E2943477B00AAE191 /* Frameworks */,
				4E41F66F2943477B00AAE191 /* Resources */,
			);
			buildRules = (
			);
			dependencies = (
			);
			name = WKWebViewDemo;
			productName = WKWebViewDemo;
			productReference = 4E41F6712943477B00AAE191 /* WKWebViewDemo.app */;
			productType = "com.apple.product-type.application";
		};
		4E41F68B2943477C00AAE191 /* WKWebViewDemoTests */ = {
			isa = PBXNativeTarget;
			buildConfigurationList = 4E41F6A32943477C00AAE191 /* Build configuration list for PBXNativeTarget "WKWebViewDemoTests" */;
			buildPhases = (
				4E41F6882943477C00AAE191 /* Sources */,
				4E41F6892943477C00AAE191 /* Frameworks */,
				4E41F68A2943477C00AAE191 /* Resources */,
			);
			buildRules = (
			);
			dependencies = (
				4E41F68E2943477C00AAE191 /* PBXTargetDependency */,
			);
			name = WKWebViewDemoTests;
			productName = WKWebViewDemoTests;
			productReference = 4E41F68C2943477C00AAE191 /* WKWebViewDemoTests.xctest */;
			productType = "com.apple.product-type.bundle.unit-test";
		};
		4E41F6952943477C00AAE191 /* WKWebViewDemoUITests */ = {
			isa = PBXNativeTarget;
			buildConfigurationList = 4E41F6A62943477C00AAE191 /* Build configuration list for PBXNativeTarget "WKWebViewDemoUITests" */;
			buildPhases = (
				4E41F6922943477C00AAE191 /* Sources */,
				4E41F6932943477C00AAE191 /* Frameworks */,
				4E41F6942943477C00AAE191 /* Resources */,
			);
			buildRules = (
			);
			dependencies = (
				4E41F6982943477C00AAE191 /* PBXTargetDependency */,
			);
			name = WKWebViewDemoUITests;
			productName = WKWebViewDemoUITests;
			productReference = 4E41F6962943477C00AAE191 /* WKWebViewDemoUITests.xctest */;
			productType = "com.apple.product-type.bundle.ui-testing";
		};
/* End PBXNativeTarget section */

/* Begin PBXProject section */
		4E41F6692943477B00AAE191 /* Project object */ = {
			isa = PBXProject;
			attributes = {
				BuildIndependentTargetsInParallel = 1;
				LastUpgradeCheck = 1400;
				TargetAttributes = {
					4E41F6702943477B00AAE191 = {
						CreatedOnToolsVersion = 14.0;
					};
					4E41F68B2943477C00AAE191 = {
						CreatedOnToolsVersion = 14.0;
						TestTargetID = 4E41F6702943477B00AAE191;
					};
					4E41F6952943477C00AAE191 = {
						CreatedOnToolsVersion = 14.0;
						TestTargetID = 4E41F6702943477B00AAE191;
					};
				};
			};
			buildConfigurationList = 4E41F66C2943477B00AAE191 /* Build configuration list for PBXProject "WKWebViewDemo" */;
			compatibilityVersion = "Xcode 14.0";
			developmentRegion = en;
			hasScannedForEncodings = 0;
			knownRegions = (
				en,
				Base,
			);
			mainGroup = 4E41F6682943477B00AAE191;
			productRefGroup = 4E41F6722943477B00AAE191 /* Products */;
			projectDirPath = "";
			projectRoot = "";
			targets = (
				4E41F6702943477B00AAE191 /* WKWebViewDemo */,
				4E41F68B2943477C00AAE191 /* WKWebViewDemoTests */,
				4E41F6952943477C00AAE191 /* WKWebViewDemoUITests */,
			);
		};
/* End PBXProject section */

/* Begin PBXResourcesBuildPhase section */
		4E41F66F2943477B00AAE191 /* Resources */ = {
			isa = PBXResourcesBuildPhase;
			buildActionMask = 2147483647;
			files = (
				4E41F6842943477C00AAE191 /* LaunchScreen.storyboard in Resources */,
				4E41F6812943477C00AAE191 /* Assets.xcassets in Resources */,
				4E41F67F2943477B00AAE191 /* Main.storyboard in Resources */,
			);
			runOnlyForDeploymentPostprocessing = 0;
		};
		4E41F68A2943477C00AAE191 /* Resources */ = {
			isa = PBXResourcesBuildPhase;
			buildActionMask = 2147483647;
			files = (
			);
			runOnlyForDeploymentPostprocessing = 0;
		};
		4E41F6942943477C00AAE191 /* Resources */ = {
			isa = PBXResourcesBuildPhase;
			buildActionMask = 2147483647;
			files = (
			);
			runOnlyForDeploymentPostprocessing = 0;
		};
/* End PBXResourcesBuildPhase section */

/* Begin PBXSourcesBuildPhase section */
		4E41F66D2943477B00AAE191 /* Sources */ = {
			isa = PBXSourcesBuildPhase;
			buildActionMask = 2147483647;
			files = (
				4E41F67C2943477B00AAE191 /* ViewController.m in Sources */,
				4E41F6762943477B00AAE191 /* AppDelegate.m in Sources */,
				4E41F6872943477C00AAE191 /* main.m in Sources */,
				4E41F6792943477B00AAE191 /* SceneDelegate.m in Sources */,
			);
			runOnlyForDeploymentPostprocessing = 0;
		};
		4E41F6882943477C00AAE191 /* Sources */ = {
			isa = PBXSourcesBuildPhase;
			buildActionMask = 2147483647;
			files = (
				4E41F6912943477C00AAE191 /* WKWebViewDemoTests.m in Sources */,
			);
			runOnlyForDeploymentPostprocessing = 0;
		};
		4E41F6922943477C00AAE191 /* Sources */ = {
			isa = PBXSourcesBuildPhase;
			buildActionMask = 2147483647;
			files = (
				4E41F69B2943477C00AAE191 /* WKWebViewDemoUITests.m in Sources */,
				4E41F69D2943477C00AAE191 /* WKWebViewDemoUITestsLaunchTests.m in Sources */,
			);
			runOnlyForDeploymentPostprocessing = 0;
		};
/* End PBXSourcesBuildPhase section */

/* Begin PBXTargetDependency section */
		4E41F68E2943477C00AAE191 /* PBXTargetDependency */ = {
			isa = PBXTargetDependency;
			target = 4E41F6702943477B00AAE191 /* WKWebViewDemo */;
			targetProxy = 4E41F68D2943477C00AAE191 /* PBXContainerItemProxy */;
		};
		4E41F6982943477C00AAE191 /* PBXTargetDependency */ = {
			isa = PBXTargetDependency;
			target = 4E41F6702943477B00AAE191 /* WKWebViewDemo */;
			targetProxy = 4E41F6972943477C00AAE191 /* PBXContainerItemProxy */;
		};
/* End PBXTargetDependency section */

/* Begin PBXVariantGroup section */
		4E41F67D2943477B00AAE191 /* Main.storyboard */ = {
			isa = PBXVariantGroup;
			children = (
				4E41F67E2943477B00AAE191 /* Base */,
			);
			name = Main.storyboard;
			sourceTree = "<group>";
		};
		4E41F6822943477C00AAE191 /* LaunchScreen.storyboard */ = {
			isa = PBXVariantGroup;
			children = (
				4E41F6832943477C00AAE191 /* Base */,
			);
			name = LaunchScreen.storyboard;
			sourceTree = "<group>";
		};
/* End PBXVariantGroup section */

/* Begin XCBuildConfiguration section */
		4E41F69E2943477C00AAE191 /* Debug */ = {
			isa = XCBuildConfiguration;
			buildSettings = {
				ALWAYS_SEARCH_USER_PATHS = NO;
				CLANG_ANALYZER_NONNULL = YES;
				CLANG_ANALYZER_NUMBER_OBJECT_CONVERSION = YES_AGGRESSIVE;
				CLANG_CXX_LANGUAGE_STANDARD = "gnu++20";
				CLANG_ENABLE_MODULES = YES;
				CLANG_ENABLE_OBJC_ARC = YES;
				CLANG_ENABLE_OBJC_WEAK = YES;
				CLANG_WARN_BLOCK_CAPTURE_AUTORELEASING = YES;
				CLANG_WARN_BOOL_CONVERSION = YES;
				CLANG_WARN_COMMA = YES;
				CLANG_WARN_CONSTANT_CONVERSION = YES;
				CLANG_WARN_DEPRECATED_OBJC_IMPLEMENTATIONS = YES;
				CLANG_WARN_DIRECT_OBJC_ISA_USAGE = YES_ERROR;
				CLANG_WARN_DOCUMENTATION_COMMENTS = YES;
				CLANG_WARN_EMPTY_BODY = YES;
				CLANG_WARN_ENUM_CONVERSION = YES;
				CLANG_WARN_INFINITE_RECURSION = YES;
				CLANG_WARN_INT_CONVERSION = YES;
				CLANG_WARN_NON_LITERAL_NULL_CONVERSION = YES;
				CLANG_WARN_OBJC_IMPLICIT_RETAIN_SELF = YES;
				CLANG_WARN_OBJC_LITERAL_CONVERSION = YES;
				CLANG_WARN_OBJC_ROOT_CLASS = YES_ERROR;
				CLANG_WARN_QUOTED_INCLUDE_IN_FRAMEWORK_HEADER = YES;
				CLANG_WARN_RANGE_LOOP_ANALYSIS = YES;
				CLANG_WARN_STRICT_PROTOTYPES = YES;
				CLANG_WARN_SUSPICIOUS_MOVE = YES;
				CLANG_WARN_UNGUARDED_AVAILABILITY = YES_AGGRESSIVE;
				CLANG_WARN_UNREACHABLE_CODE = YES;
				CLANG_WARN__DUPLICATE_METHOD_MATCH = YES;
				COPY_PHASE_STRIP = NO;
				DEBUG_INFORMATION_FORMAT = dwarf;
				ENABLE_STRICT_OBJC_MSGSEND = YES;
				ENABLE_TESTABILITY = YES;
				GCC_C_LANGUAGE_STANDARD = gnu11;
				GCC_DYNAMIC_NO_PIC = NO;
				GCC_NO_COMMON_BLOCKS = YES;
				GCC_OPTIMIZATION_LEVEL = 0;
				GCC_PREPROCESSOR_DEFINITIONS = (
					"DEBUG=1",
					"$(inherited)",
				);
				GCC_WARN_64_TO_32_BIT_CONVERSION = YES;
				GCC_WARN_ABOUT_RETURN_TYPE = YES_ERROR;
				GCC_WARN_UNDECLARED_SELECTOR = YES;
				GCC_WARN_UNINITIALIZED_AUTOS = YES_AGGRESSIVE;
				GCC_WARN_UNUSED_FUNCTION = YES;
				GCC_WARN_UNUSED_VARIABLE = YES;
				IPHONEOS_DEPLOYMENT_TARGET = 16.0;
				MTL_ENABLE_DEBUG_INFO = INCLUDE_SOURCE;
				MTL_FAST_MATH = YES;
				ONLY_ACTIVE_ARCH = YES;
				SDKROOT = iphoneos;
			};
			name = Debug;
		};
		4E41F69F2943477C00AAE191 /* Release */ = {
			isa = XCBuildConfiguration;
			buildSettings = {
				ALWAYS_SEARCH_USER_PATHS = NO;
				CLANG_ANALYZER_NONNULL = YES;
				CLANG_ANALYZER_NUMBER_OBJECT_CONVERSION = YES_AGGRESSIVE;
				CLANG_CXX_LANGUAGE_STANDARD = "gnu++20";
				CLANG_ENABLE_MODULES = YES;
				CLANG_ENABLE_OBJC_ARC = YES;
				CLANG_ENABLE_OBJC_WEAK = YES;
				CLANG_WARN_BLOCK_CAPTURE_AUTORELEASING = YES;
				CLANG_WARN_BOOL_CONVERSION = YES;
				CLANG_WARN_COMMA = YES;
				CLANG_WARN_CONSTANT_CONVERSION = YES;
				CLANG_WARN_DEPRECATED_OBJC_IMPLEMENTATIONS = YES;
				CLANG_WARN_DIRECT_OBJC_ISA_USAGE = YES_ERROR;
				CLANG_WARN_DOCUMENTATION_COMMENTS = YES;
				CLANG_WARN_EMPTY_BODY = YES;
				CLANG_WARN_ENUM_CONVERSION = YES;
				CLANG_WARN_INFINITE_RECURSION = YES;
				CLANG_WARN_INT_CONVERSION = YES;
				CLANG_WARN_NON_LITERAL_NULL_CONVERSION = YES;
				CLANG_WARN_OBJC_IMPLICIT_RETAIN_SELF = YES;
				CLANG_WARN_OBJC_LITERAL_CONVERSION = YES;
				CLANG_WARN_OBJC_ROOT_CLASS = YES_ERROR;
				CLANG_WARN_QUOTED_INCLUDE_IN_FRAMEWORK_HEADER = YES;
				CLANG_WARN_RANGE_LOOP_ANALYSIS = YES;
				CLANG_WARN_STRICT_PROTOTYPES = YES;
				CLANG_WARN_SUSPICIOUS_MOVE = YES;
				CLANG_WARN_UNGUARDED_AVAILABILITY = YES_AGGRESSIVE;
				CLANG_WARN_UNREACHABLE_CODE = YES;
				CLANG_WARN__DUPLICATE_METHOD_MATCH = YES;
				COPY_PHASE_STRIP = NO;
				DEBUG_INFORMATION_FORMAT = "dwarf-with-dsym";
				ENABLE_NS_ASSERTIONS = NO;
				ENABLE_STRICT_OBJC_MSGSEND = YES;
				GCC_C_LANGUAGE_STANDARD = gnu11;
				GCC_NO_COMMON_BLOCKS = YES;
				GCC_WARN_64_TO_32_BIT_CONVERSION = YES;
				GCC_WARN_ABOUT_RETURN_TYPE = YES_ERROR;
				GCC_WARN_UNDECLARED_SELECTOR = YES;
				GCC_WARN_UNINITIALIZED_AUTOS = YES_AGGRESSIVE;
				GCC_WARN_UNUSED_FUNCTION = YES;
				GCC_WARN_UNUSED_VARIABLE = YES;
				IPHONEOS_DEPLOYMENT_TARGET = 16.0;
				MTL_ENABLE_DEBUG_INFO = NO;
				MTL_FAST_MATH = YES;
				SDKROOT = iphoneos;
				VALIDATE_PRODUCT = YES;
			};
			name = Release;
		};
		4E41F6A12943477C00AAE191 /* Debug */ = {
			isa = XCBuildConfiguration;
			buildSettings = {
				ASSETCATALOG_COMPILER_APPICON_NAME = AppIcon;
				ASSETCATALOG_COMPILER_GLOBAL_ACCENT_COLOR_NAME = AccentColor;
				CODE_SIGN_STYLE = Automatic;
				CURRENT_PROJECT_VERSION = 1;
				DEVELOPMENT_TEAM = 5CTUTX5MFE;
				GENERATE_INFOPLIST_FILE = YES;
				INFOPLIST_FILE = WKWebViewDemo/Info.plist;
				INFOPLIST_KEY_UIApplicationSupportsIndirectInputEvents = YES;
				INFOPLIST_KEY_UILaunchStoryboardName = LaunchScreen;
				INFOPLIST_KEY_UIMainStoryboardFile = Main;
				INFOPLIST_KEY_UISupportedInterfaceOrientations_iPad = "UIInterfaceOrientationPortrait UIInterfaceOrientationPortraitUpsideDown UIInterfaceOrientationLandscapeLeft UIInterfaceOrientationLandscapeRight";
				INFOPLIST_KEY_UISupportedInterfaceOrientations_iPhone = "UIInterfaceOrientationPortrait UIInterfaceOrientationLandscapeLeft UIInterfaceOrientationLandscapeRight";
				LD_RUNPATH_SEARCH_PATHS = (
					"$(inherited)",
					"@executable_path/Frameworks",
				);
				MARKETING_VERSION = 1.0;
				PRODUCT_BUNDLE_IDENTIFIER = com.niceforme.demo.WKWebViewDemo;
				PRODUCT_NAME = "$(TARGET_NAME)";
				SWIFT_EMIT_LOC_STRINGS = YES;
				TARGETED_DEVICE_FAMILY = "1,2";
			};
			name = Debug;
		};
		4E41F6A22943477C00AAE191 /* Release */ = {
			isa = XCBuildConfiguration;
			buildSettings = {
				ASSETCATALOG_COMPILER_APPICON_NAME = AppIcon;
				ASSETCATALOG_COMPILER_GLOBAL_ACCENT_COLOR_NAME = AccentColor;
				CODE_SIGN_STYLE = Automatic;
				CURRENT_PROJECT_VERSION = 1;
				DEVELOPMENT_TEAM = 5CTUTX5MFE;
				GENERATE_INFOPLIST_FILE = YES;
				INFOPLIST_FILE = WKWebViewDemo/Info.plist;
				INFOPLIST_KEY_UIApplicationSupportsIndirectInputEvents = YES;
				INFOPLIST_KEY_UILaunchStoryboardName = LaunchScreen;
				INFOPLIST_KEY_UIMainStoryboardFile = Main;
				INFOPLIST_KEY_UISupportedInterfaceOrientations_iPad = "UIInterfaceOrientationPortrait UIInterfaceOrientationPortraitUpsideDown UIInterfaceOrientationLandscapeLeft UIInterfaceOrientationLandscapeRight";
				INFOPLIST_KEY_UISupportedInterfaceOrientations_iPhone = "UIInterfaceOrientationPortrait UIInterfaceOrientationLandscapeLeft UIInterfaceOrientationLandscapeRight";
				LD_RUNPATH_SEARCH_PATHS = (
					"$(inherited)",
					"@executable_path/Frameworks",
				);
				MARKETING_VERSION = 1.0;
				PRODUCT_BUNDLE_IDENTIFIER = com.niceforme.demo.WKWebViewDemo;
				PRODUCT_NAME = "$(TARGET_NAME)";
				SWIFT_EMIT_LOC_STRINGS = YES;
				TARGETED_DEVICE_FAMILY = "1,2";
			};
			name = Release;
		};
		4E41F6A42943477C00AAE191 /* Debug */ = {
			isa = XCBuildConfiguration;
			buildSettings = {
				BUNDLE_LOADER = "$(TEST_HOST)";
				CODE_SIGN_STYLE = Automatic;
				CURRENT_PROJECT_VERSION = 1;
				DEVELOPMENT_TEAM = 5CTUTX5MFE;
				GENERATE_INFOPLIST_FILE = YES;
				IPHONEOS_DEPLOYMENT_TARGET = 16.0;
				MARKETING_VERSION = 1.0;
				PRODUCT_BUNDLE_IDENTIFIER = com.niceforme.demo.WKWebViewDemoTests;
				PRODUCT_NAME = "$(TARGET_NAME)";
				SWIFT_EMIT_LOC_STRINGS = NO;
				TARGETED_DEVICE_FAMILY = "1,2";
				TEST_HOST = "$(BUILT_PRODUCTS_DIR)/WKWebViewDemo.app/$(BUNDLE_EXECUTABLE_FOLDER_PATH)/WKWebViewDemo";
			};
			name = Debug;
		};
		4E41F6A52943477C00AAE191 /* Release */ = {
			isa = XCBuildConfiguration;
			buildSettings = {
				BUNDLE_LOADER = "$(TEST_HOST)";
				CODE_SIGN_STYLE = Automatic;
				CURRENT_PROJECT_VERSION = 1;
				DEVELOPMENT_TEAM = 5CTUTX5MFE;
				GENERATE_INFOPLIST_FILE = YES;
				IPHONEOS_DEPLOYMENT_TARGET = 16.0;
				MARKETING_VERSION = 1.0;
				PRODUCT_BUNDLE_IDENTIFIER = com.niceforme.demo.WKWebViewDemoTests;
				PRODUCT_NAME = "$(TARGET_NAME)";
				SWIFT_EMIT_LOC_STRINGS = NO;
				TARGETED_DEVICE_FAMILY = "1,2";
				TEST_HOST = "$(BUILT_PRODUCTS_DIR)/WKWebViewDemo.app/$(BUNDLE_EXECUTABLE_FOLDER_PATH)/WKWebViewDemo";
			};
			name = Release;
		};
		4E41F6A72943477C00AAE191 /* Debug */ = {
			isa = XCBuildConfiguration;
			buildSettings = {
				CODE_SIGN_STYLE = Automatic;
				CURRENT_PROJECT_VERSION = 1;
				DEVELOPMENT_TEAM = 5CTUTX5MFE;
				GENERATE_INFOPLIST_FILE = YES;
				MARKETING_VERSION = 1.0;
				PRODUCT_BUNDLE_IDENTIFIER = com.niceforme.demo.WKWebViewDemoUITests;
				PRODUCT_NAME = "$(TARGET_NAME)";
				SWIFT_EMIT_LOC_STRINGS = NO;
				TARGETED_DEVICE_FAMILY = "1,2";
				TEST_TARGET_NAME = WKWebViewDemo;
			};
			name = Debug;
		};
		4E41F6A82943477C00AAE191 /* Release */ = {
			isa = XCBuildConfiguration;
			buildSettings = {
				CODE_SIGN_STYLE = Automatic;
				CURRENT_PROJECT_VERSION = 1;
				DEVELOPMENT_TEAM = 5CTUTX5MFE;
				GENERATE_INFOPLIST_FILE = YES;
				MARKETING_VERSION = 1.0;
				PRODUCT_BUNDLE_IDENTIFIER = com.niceforme.demo.WKWebViewDemoUITests;
				PRODUCT_NAME = "$(TARGET_NAME)";
				SWIFT_EMIT_LOC_STRINGS = NO;
				TARGETED_DEVICE_FAMILY = "1,2";
				TEST_TARGET_NAME = WKWebViewDemo;
			};
			name = Release;
		};
/* End XCBuildConfiguration section */

/* Begin XCConfigurationList section */
		4E41F66C2943477B00AAE191 /* Build configuration list for PBXProject "WKWebViewDemo" */ = {
			isa = XCConfigurationList;
			buildConfigurations = (
				4E41F69E2943477C00AAE191 /* Debug */,
				4E41F69F2943477C00AAE191 /* Release */,
			);
			defaultConfigurationIsVisible = 0;
			defaultConfigurationName = Release;
		};
		4E41F6A02943477C00AAE191 /* Build configuration list for PBXNativeTarget "WKWebViewDemo" */ = {
			isa = XCConfigurationList;
			buildConfigurations = (
				4E41F6A12943477C00AAE191 /* Debug */,
				4E41F6A22943477C00AAE191 /* Release */,
			);
			defaultConfigurationIsVisible = 0;
			defaultConfigurationName = Release;
		};
		4E41F6A32943477C00AAE191 /* Build configuration list for PBXNativeTarget "WKWebViewDemoTests" */ = {
			isa = XCConfigurationList;
			buildConfigurations = (
				4E41F6A42943477C00AAE191 /* Debug */,
				4E41F6A52943477C00AAE191 /* Release */,
			);
			defaultConfigurationIsVisible = 0;
			defaultConfigurationName = Release;
		};
		4E41F6A62943477C00AAE191 /* Build configuration list for PBXNativeTarget "WKWebViewDemoUITests" */ = {
			isa = XCConfigurationList;
			buildConfigurations = (
				4E41F6A72943477C00AAE191 /* Debug */,
				4E41F6A82943477C00AAE191 /* Release */,
			);
			defaultConfigurationIsVisible = 0;
			defaultConfigurationName = Release;
		};
/* End XCConfigurationList section */
	};
	rootObject = 4E41F6692943477B00AAE191 /* Project object */;
}
